github.com/Mitrichius/hugo-theme-anubis v0.0.0-20220412171158-ae6b41de4717 h1:SaR57bTvVhzyDqt71hpAzCtG1B3RM5hbEn9NEAYP5ME=
github.com/Mitrichius/hugo-theme-anubis v0.0.0-20220412171158-ae6b41de4717/go.mod h1:FKD3NbdsQzL+cXsC3x99XD/t/Rd5EyhDlNBAxQhULbo=
github.com/adityatelange/hugo-PaperMod v0.0.0-20220430040510-38af7c47a635 h1:11OlA9QFR34IN+84Gy4n5eJdm+pjkN4UbmYqoTpV+oQ=
github.com/adityatelange/hugo-PaperMod v0.0.0-20220430040510-38af7c47a635/go.mod h1:HCHxNMKYdGafUYjVV3ICiAqznZK2yH0iI53jqcDFDdQ=
github.com/cntrump/hugo-notepadium v2.6.2+incompatible h1:Rc1LyIRQdAhgeUx/8HDpIAWt8sPJQzHNgIGEAX7RCtI=
github.com/cntrump/hugo-notepadium v2.6.2+incompatible/go.mod h1:2ztNewXTJcBP5jtoqeYHFBcBAsc4QdSj5kNbmFqHkBo=
github.com/dsrkafuu/hugo-theme-fuji v2.8.2+incompatible h1:rU3UqNSrFegnNXT+IKXIz6F1HCwOZEELkW1Kn16MoJQ=
github.com/dsrkafuu/hugo-theme-fuji v2.8.2+incompatible/go.mod h1:rFv9DkbPD9roOuHodFNCAv4c9oXWAhYGtkLUXVle9Bw=
github.com/hugcis/hugo-astatine-theme v0.0.0-20220218150438-e028b63e8ed7 h1:lGQEKeRdt1OPe/UAnMZdSYX0AMotS1EsGe1SH5SQ4DI=
github.com/hugcis/hugo-astatine-theme v0.0.0-20220218150438-e028b63e8ed7/go.mod h1:gbOEGGwov71SFNmbUwE4TN2aHFzT3GdZK1Zo5zO9hA8=
github.com/monkeyWzr/hugo-theme-cactus v0.0.0-20210831141748-a27a14348040 h1:taoPyyZCAWfGwjlm8Mm/nvtcPvHu/AuuJL9qAFN9aTU=
github.com/monkeyWzr/hugo-theme-cactus v0.0.0-20210831141748-a27a14348040/go.mod h1:pelyER/z3wJ0lzJtj5JVIlUfnKJJ/sfe4RYyfQG0E/4=
github.com/nodejh/hugo-theme-mini v0.0.0-20220307094037-39be4727b355 h1:7xum3J93LCI5Tx+TNYcPmrrqy/nYNpZOoWjXYael2BM=
github.com/nodejh/hugo-theme-mini v0.0.0-20220307094037-39be4727b355/go.mod h1:+Rl6qKesH3DeBOjXcmPXB1L/LwD3RqXzopTzon/jv5Q=
github.com/olOwOlo/hugo-theme-even v4.1.0+incompatible h1:vac90+azWrNgGvanS7mN2ztvJl9P5IHFvPSS+EAbYRA=
github.com/olOwOlo/hugo-theme-even v4.1.0+incompatible/go.mod h1:fi8rrW+HLHpDEjP9Hft6Mx5ZFQRnofQuVHgavM0ruyo=
github.com/vividvilla/ezhil v1.0.0-beta.1 h1:nHlVTWmfkY0PpaRRGQC7YCPBd0GPRcJu7QxzK10EQww=
github.com/vividvilla/ezhil v1.0.0-beta.1/go.mod h1:HahSozJoqVATz2fEfV04eMArKUm/HhjhM/aul6SKTp8=
github.com/xiaoheiAh/hugo-theme-pure v0.0.0-20210607025111-902bd9b73dae h1:gwDrzsco7MVGQeYgpPp12ZF6LZEJWZ+X8KvcgTWONPM=
github.com/xiaoheiAh/hugo-theme-pure v0.0.0-20210607025111-902bd9b73dae/go.mod h1:2AY18A9Eagjuyry8ebPpSiMy1V5yH+8B6ltef/xp5f0=
gitlab.com/ian-s-mcb/smigle-hugo-theme v0.0.0-20210831185208-13c241e8ab83 h1:aL5YRlsKi9HwNGaUlSN+3T+DY2e30d4JF1v1sKA5PE4=
gitlab.com/ian-s-mcb/smigle-hugo-theme v0.0.0-20210831185208-13c241e8ab83/go.mod h1:NTH/777MQHJdou8Yo/baECwBtDwaWPaCWrITwE3816c=
